version = 1
revision = 3
requires-python = ">=3.14"

[[package]]
name = "certifi"
version = "2026.6.17"
source = { registry = "https://mirrors.ustc.edu.cn/pypi/simple" }
sdist = { url = "https://mirrors.ustc.edu.cn/pypi/packages/c9/c7/424b75da314c1045981bd9777432fad05a9e0c69daa4ed7e308bbaffe405/certifi-2026.6.17.tar.gz", hash = "sha256:024c88eeec92ca068db80f02b8b07c9cef7b9fe261d1d535abfd5abd6f6af432", size = 134594, upload-time = "2026-06-17T10:31:07.894Z" }
wheels = [
    { url = "https://mirrors.ustc.edu.cn/pypi/packages/ef/2f/c5464532e965badff2f4c4c1a3a83f5697f0d7c407ed0cda44aaa99bb451/certifi-2026.6.17-py3-none-any.whl", hash = "sha256:2227dcbaafe0d2f59279d1762ddddc37783ed4354594f194ffc31d20f41fc3db", size = 133289, upload-time = "2026-06-17T10:31:06.348Z" },
]

[[package]]
name = "jplephem"
version = "2.24"
source = { registry = "https://mirrors.ustc.edu.cn/pypi/simple" }
dependencies = [
    { name = "numpy" },
]
sdist = { url = "https://mirrors.ustc.edu.cn/pypi/packages/90/8b/a50514f000fcd0207cd281370b0db66e7712a5db9f96b77a0301a7205f96/jplephem-2.24.tar.gz", hash = "sha256:354fe1adae022264ab46f18afb6af26211277cfd7b3ef90400755fcabe93bc11", size = 45289, upload-time = "2026-01-23T21:03:01.07Z" }
wheels = [
    { url = "https://mirrors.ustc.edu.cn/pypi/packages/9d/3f/b9d5739352badc11ca637c8f72525d519458622936bc3313ddefdc7dee96/jplephem-2.24-py3-none-any.whl", hash = "sha256:2de15608a0f13010a71a0a8af8765646d5884402006dac0dd7639d7db13629ac", size = 49585, upload-time = "2026-01-23T21:03:00.079Z" },
]

[[package]]
name = "numpy"
version = "2.5.0"
source = { registry = "https://mirrors.ustc.edu.cn/pypi/simple" }
sdist = { url = "https://mirrors.ustc.edu.cn/pypi/packages/e7/05/3d27272d30698dc0ecb7fdfaa41ad70303b444f81722bb99bce1d818638a/numpy-2.5.0.tar.gz", hash = "sha256:5a129578019311b6e56bdd714250f19b518f7dceeeb8d1af5490f4942d3f891c", size = 20652461, upload-time = "2026-06-21T20:57:51.95Z" }
wheels = [
    { url = "https://mirrors.ustc.edu.cn/pypi/packages/86/ad/abc44aaceaf7b17ee1edde2bbb4458da591bc79574cffff50c4bb35f00d1/numpy-2.5.0-cp314-cp314-macosx_10_15_x86_64.whl", hash = "sha256:f27582c55ba4c750b7c58c8faf021d2cd9324a662b466229db8a417b41368af9", size = 16783807, upload-time = "2026-06-21T20:57:06.253Z" },
    { url = "https://mirrors.ustc.edu.cn/pypi/packages/5d/39/b72e168daf9c00fb20c9fc996d00437ccecdef3102387775d29d7a62576d/numpy-2.5.0-cp314-cp314-macosx_11_0_arm64.whl", hash = "sha256:28e7137057d551e4a83c4ae414e3451f50568409db7569aacc7f9811ee06a446", size = 11765215, upload-time = "2026-06-21T20:57:08.547Z" },
    { url = "https://mirrors.ustc.edu.cn/pypi/packages/f7/a0/8400a9c0e3625182347593f5e1f57da9a617a534794805c8df5518154ddc/numpy-2.5.0-cp314-cp314-macosx_14_0_arm64.whl", hash = "sha256:e1da54b53e75cd9fcfc23efcc7edab2c6aecf97b6037566d8a0fe804af8ec57c", size = 5324493, upload-time = "2026-06-21T20:57:11.012Z" },
    { url = "https://mirrors.ustc.edu.cn/pypi/packages/f6/8c/0d104deaa0401c93395a629ec902891618a2eff76d19229139cb5a887bfc/numpy-2.5.0-cp314-cp314-macosx_14_0_x86_64.whl", hash = "sha256:694d8f74e156f7fd01179f1aa8faa2f648ab6ae0f70b6c3fe57a03249aea2303", size = 6645211, upload-time = "2026-06-21T20:57:12.919Z" },
    { url = "https://mirrors.ustc.edu.cn/pypi/packages/6a/d9/4a4a628c812750363786afc3d33492709a5cd64b215469c16b0f6c7bb811/numpy-2.5.0-cp314-cp314-manylinux_2_27_aarch64.manylinux_2_28_aarch64.whl", hash = "sha256:1a7569a7b53c77716f036bb28cb1c91f166a26ec7d9502cd1e4bdfe502fdec22", size = 15166004, upload-time = "2026-06-21T20:57:14.717Z" },
    { url = "https://mirrors.ustc.edu.cn/pypi/packages/a0/5e/2a902317d7fc4aa93236e80c932662dadfc459b323d758329e01775125e1/numpy-2.5.0-cp314-cp314-manylinux_2_27_x86_64.manylinux_2_28_x86_64.whl", hash = "sha256:39a0433bd4086ebd462960cf375e19195bb07b53dc1d87dd5fcf47ad78576f03", size = 16650797, upload-time = "2026-06-21T20:57:16.906Z" },
    { url = "https://mirrors.ustc.edu.cn/pypi/packages/e9/a0/a0090e6329f4ca5992c07847bb579c5259a19953dc57255bb08793142ffb/numpy-2.5.0-cp314-cp314-musllinux_1_2_aarch64.whl", hash = "sha256:929f0c79ac38bcbd7154fe631dc907abfeddbcc5027a896bd1f7767323271e7a", size = 16524647, upload-time = "2026-06-21T20:57:19.165Z" },
    { url = "https://mirrors.ustc.edu.cn/pypi/packages/5e/7d/6caf27734c42b65837e7461ed0dbbd6b6fc835060c9714ec59d673bb383a/numpy-2.5.0-cp314-cp314-musllinux_1_2_x86_64.whl", hash = "sha256:cc4f247a47bbf070bfd70be53ccdcf47b800af563535e7bbe172322197c30e21", size = 18411841, upload-time = "2026-06-21T20:57:21.638Z" },
    { url = "https://mirrors.ustc.edu.cn/pypi/packages/13/dc/26edadbd812536769a82c2e9e002234e33feb5da43061d47a044f6d309b7/numpy-2.5.0-cp314-cp314-win32.whl", hash = "sha256:5dc71423499fab3f46f7a7201155ade1669ea101f2f429d332df9e72f8161731", size = 6106361, upload-time = "2026-06-21T20:57:23.844Z" },
    { url = "https://mirrors.ustc.edu.cn/pypi/packages/f2/9e/4dd1459282229a72d92dece2ae9138e5cac94a72263a7ceb48f37434c925/numpy-2.5.0-cp314-cp314-win_amd64.whl", hash = "sha256:ebb81d9d5443e0309d6c54894c3fbed74ad7da0714352a67b6d773cd189eae73", size = 12551749, upload-time = "2026-06-21T20:57:25.945Z" },
    { url = "https://mirrors.ustc.edu.cn/pypi/packages/05/a7/6bc6384c080b86c7f6c85c5bc5b540b24f4f679cd144791d99574e90d462/numpy-2.5.0-cp314-cp314-win_arm64.whl", hash = "sha256:3b94d0d0deceebfad3e67ae5c0e5eb87371e8f7a0581cd04a779928c2450cf1e", size = 10617072, upload-time = "2026-06-21T20:57:28.175Z" },
    { url = "https://mirrors.ustc.edu.cn/pypi/packages/86/6b/4a2b71d66ada5608ae02b63f150dfad520f6940721cb7f029ad270befc0e/numpy-2.5.0-cp314-cp314t-macosx_11_0_arm64.whl", hash = "sha256:22f3d43e362d650bc39db1f17851302874a148ca95ba6981c1dfb5fa6862f35b", size = 11881067, upload-time = "2026-06-21T20:57:30.104Z" },
    { url = "https://mirrors.ustc.edu.cn/pypi/packages/dc/b2/d365eb40a20efb49d67e9feb90494ed8511282ee1f5fa16006675c65397d/numpy-2.5.0-cp314-cp314t-macosx_14_0_arm64.whl", hash = "sha256:243563efb4cd7528a264567e9fd206c87826457322521d06206a00bfa316c927", size = 5440290, upload-time = "2026-06-21T20:57:32.193Z" },
    { url = "https://mirrors.ustc.edu.cn/pypi/packages/fa/5e/e9c03188de5f9b767e46a8fe988bcfd3efad066a4a3fda8b9cb11a93f895/numpy-2.5.0-cp314-cp314t-macosx_14_0_x86_64.whl", hash = "sha256:84881d825ca75249b189bbee875fcfe3238aa5c479e6100893cda566e8e86826", size = 6748371, upload-time = "2026-06-21T20:57:33.933Z" },
    { url = "https://mirrors.ustc.edu.cn/pypi/packages/fd/1d/68c186a38a5027bae2c4ddd5ea681fdaf8b4d30fb7301def6d8ad270390f/numpy-2.5.0-cp314-cp314t-manylinux_2_27_aarch64.manylinux_2_28_aarch64.whl", hash = "sha256:cda12aa4779d42b8771180aba759c96f527d43446d8f380ab59e2b35e8489efd", size = 15214643, upload-time = "2026-06-21T20:57:35.677Z" },
    { url = "https://mirrors.ustc.edu.cn/pypi/packages/8c/67/73f67b7c7e20635baae9c4c3ead4ae7326a005900297a6110971abd62eb5/numpy-2.5.0-cp314-cp314t-manylinux_2_27_x86_64.manylinux_2_28_x86_64.whl", hash = "sha256:1c0121101093d2bd74981b10f8837d78e794a8ff57834eb27179f49e1ba11ac6", size = 16690128, upload-time = "2026-06-21T20:57:38.159Z" },
    { url = "https://mirrors.ustc.edu.cn/pypi/packages/eb/05/d4c1fb0c46d02a27d6b2b8b319a78c90937acec8631c1641874670b31e6f/numpy-2.5.0-cp314-cp314t-musllinux_1_2_aarch64.whl", hash = "sha256:d371c92cfa09da00022f501ab67fafaea813d752eb30ac44336d45b1e5b0268a", size = 16577902, upload-time = "2026-06-21T20:57:40.447Z" },
    { url = "https://mirrors.ustc.edu.cn/pypi/packages/9e/1d/771c797d50fa26e4888989cccf1d50ee51f530d4e455ad2692dcb64fa711/numpy-2.5.0-cp314-cp314t-musllinux_1_2_x86_64.whl", hash = "sha256:9990713e9c38154c6861e7547f1e3fc7a87e75ff09bab24ef1cc81d81c2835e9", size = 18452814, upload-time = "2026-06-21T20:57:42.875Z" },
    { url = "https://mirrors.ustc.edu.cn/pypi/packages/e8/46/52fc0d2a68d7643f0f149eeea5a5d8ea2a3507056ac8afa83c9212606e8b/numpy-2.5.0-cp314-cp314t-win32.whl", hash = "sha256:edadfbd4794b1086c0d822f81863e8a68fc129d132fd0bb9e31e955d7fbbbdb7", size = 6253168, upload-time = "2026-06-21T20:57:45.101Z" },
    { url = "https://mirrors.ustc.edu.cn/pypi/packages/2a/be/6c8d1118b5f13b2881dc095d5b345de19c6638b8959c17409b6eff84c8aa/numpy-2.5.0-cp314-cp314t-win_amd64.whl", hash = "sha256:f7e5fa4382967ae6548bd2f174219afb908e294b0d5f625af01166edd5f7d9aa", size = 12736286, upload-time = "2026-06-21T20:57:46.935Z" },
    { url = "https://mirrors.ustc.edu.cn/pypi/packages/fd/6a/d3a169aaf8536cf228d56a09e04bcb713a2fe4410d4e2105b9419b5a9c89/numpy-2.5.0-cp314-cp314t-win_arm64.whl", hash = "sha256:016623417bb330d719d579daf2d6b9a01ddc52e41a9ed61a47f39fde46dcd865", size = 10686451, upload-time = "2026-06-21T20:57:49.313Z" },
]

[[package]]
name = "pycairo"
version = "1.29.0"
source = { registry = "https://mirrors.ustc.edu.cn/pypi/simple" }
sdist = { url = "https://mirrors.ustc.edu.cn/pypi/packages/22/d9/1728840a22a4ef8a8f479b9156aa2943cd98c3907accd3849fb0d5f82bfd/pycairo-1.29.0.tar.gz", hash = "sha256:f3f7fde97325cae80224c09f12564ef58d0d0f655da0e3b040f5807bd5bd3142", size = 665871, upload-time = "2025-11-11T19:13:01.584Z" }
wheels = [
    { url = "https://mirrors.ustc.edu.cn/pypi/packages/2d/fa/87eaeeb9d53344c769839d7b2854db7ff2cd596211e00dd1b702eeb1838f/pycairo-1.29.0-cp314-cp314-win32.whl", hash = "sha256:69e2a7968a3fbb839736257bae153f547bca787113cc8d21e9e08ca4526e0b6b", size = 767198, upload-time = "2025-11-11T19:12:42.336Z" },
    { url = "https://mirrors.ustc.edu.cn/pypi/packages/3c/90/3564d0f64d0a00926ab863dc3c4a129b1065133128e96900772e1c4421f8/pycairo-1.29.0-cp314-cp314-win_amd64.whl", hash = "sha256:e91243437a21cc4c67c401eff4433eadc45745275fa3ade1a0d877e50ffb90da", size = 871579, upload-time = "2025-11-11T19:12:48.982Z" },
    { url = "https://mirrors.ustc.edu.cn/pypi/packages/5e/91/93632b6ba12ad69c61991e3208bde88486fdfc152be8cfdd13444e9bc650/pycairo-1.29.0-cp314-cp314-win_arm64.whl", hash = "sha256:b72200ea0e5f73ae4c788cd2028a750062221385eb0e6d8f1ecc714d0b4fdf82", size = 719537, upload-time = "2025-11-11T19:12:55.016Z" },
    { url = "https://mirrors.ustc.edu.cn/pypi/packages/93/23/37053c039f8d3b9b5017af9bc64d27b680c48a898d48b72e6d6583cf0155/pycairo-1.29.0-cp314-cp314t-win_amd64.whl", hash = "sha256:5e45fce6185f553e79e4ef1722b8e98e6cde9900dbc48cb2637a9ccba86f627a", size = 874015, upload-time = "2025-11-11T19:12:28.47Z" },
    { url = "https://mirrors.ustc.edu.cn/pypi/packages/d7/54/123f6239685f5f3f2edc123f1e38d2eefacebee18cf3c532d2f4bd51d0ef/pycairo-1.29.0-cp314-cp314t-win_arm64.whl", hash = "sha256:caba0837a4b40d47c8dfb0f24cccc12c7831e3dd450837f2a356c75f21ce5a15", size = 721404, upload-time = "2025-11-11T19:12:36.919Z" },
]

[[package]]
name = "sgp4"
version = "2.26"
source = { registry = "https://mirrors.ustc.edu.cn/pypi/simple" }
sdist = { url = "https://mirrors.ustc.edu.cn/pypi/packages/13/e3/94f83d755a1cd2d66dcb5f1c22856575eaa2a31c255a06472921c9345901/sgp4-2.26.tar.gz", hash = "sha256:48d15763b6af9393fc2024190705588dd3650fcd90133ab980e00bc5607c606e", size = 157896, upload-time = "2026-06-26T21:15:41.211Z" }
wheels = [
    { url = "https://mirrors.ustc.edu.cn/pypi/packages/a7/8d/559fde8916e240e0126d4dbaf0829bc26831ea6a347bf7c1f185b2a508cb/sgp4-2.26-cp311-abi3-macosx_10_9_x86_64.whl", hash = "sha256:59efd38f9e169d5fd52e6b0afd87fffc6e558f85b0aaa1cf1fa8a5ce7c0f6340", size = 150689, upload-time = "2026-06-26T21:15:32.866Z" },
    { url = "https://mirrors.ustc.edu.cn/pypi/packages/4d/4d/11c939cb622281b29647ad8ebf733cfbe8f785ddf54877eb4937eb3b924a/sgp4-2.26-cp311-abi3-macosx_11_0_arm64.whl", hash = "sha256:0eaa626918ffe858ab12c9b41012fe07280657c81c1404bf6b487c0a91126568", size = 149512, upload-time = "2026-06-26T21:15:33.954Z" },
    { url = "https://mirrors.ustc.edu.cn/pypi/packages/aa/f2/26aa309f755ed69931be7743895ed408244e2d4670f7c09519de53100966/sgp4-2.26-cp311-abi3-manylinux1_x86_64.manylinux_2_28_x86_64.manylinux_2_5_x86_64.whl", hash = "sha256:b3528d60315fd2ca3c50d66f92151fde7d70cbf90f3ba289021a33c9be3bc55f", size = 219887, upload-time = "2026-06-26T21:15:35.087Z" },
    { url = "https://mirrors.ustc.edu.cn/pypi/packages/3d/74/cfc79f436b7001ff0c5759de44828ea7089e15098fdd4a4ea46b4aa796da/sgp4-2.26-cp311-abi3-manylinux2014_aarch64.manylinux_2_17_aarch64.manylinux_2_28_aarch64.whl", hash = "sha256:3196ab352142b913c803616c5f62009327c7869fa3289c6b69510898cfbbe4f6", size = 221128, upload-time = "2026-06-26T21:15:36.099Z" },
    { url = "https://mirrors.ustc.edu.cn/pypi/packages/4c/d4/a666634172f4781cad19cf5643befb44ac1678346ce8279582c8fe4cf484/sgp4-2.26-cp311-abi3-musllinux_1_2_aarch64.whl", hash = "sha256:c6a86462f0b323dd8a1f742cf5f3d067bd37b105ae25bff1a4d9f98f876ebe51", size = 217350, upload-time = "2026-06-26T21:15:37.12Z" },
    { url = "https://mirrors.ustc.edu.cn/pypi/packages/8f/7b/7631966b3dea9d5f68e8d9c28b43e989f12db386b4fd96f0fe96ef3cc7bb/sgp4-2.26-cp311-abi3-musllinux_1_2_x86_64.whl", hash = "sha256:0136f39d0fde6578eb9a858216d1008cf19524ff65ee46519d8c95390435612b", size = 216638, upload-time = "2026-06-26T21:15:38.125Z" },
    { url = "https://mirrors.ustc.edu.cn/pypi/packages/0d/19/b7f3caed19d13f2ba0d0544d41ae547b7e7563417f8b707d2e1b62900039/sgp4-2.26-cp311-abi3-win32.whl", hash = "sha256:c757d3474afe0194c144bb775a992ca91eb1624c46b5bf41b7b57cad0b67fee0", size = 149055, upload-time = "2026-06-26T21:15:39.087Z" },
    { url = "https://mirrors.ustc.edu.cn/pypi/packages/da/33/e2c0d5b7739f4fb479fc671f6d4a52433b0e3ec6cccc83cb4663a3f1ba10/sgp4-2.26-cp311-abi3-win_amd64.whl", hash = "sha256:2bdf9d7c57b0736a23a455a6fc26c1d60848940db74f994c49ea845e2ae75fb2", size = 150662, upload-time = "2026-06-26T21:15:40.096Z" },
    { url = "https://mirrors.ustc.edu.cn/pypi/packages/de/ed/646783fd51237a9962263439fd1be17335a2ee3082f2989dc7e06e587cdd/sgp4-2.26-py3-none-any.whl", hash = "sha256:9f336d922087e11b295dc736ae7e55139dd8c90ee0ab780fc84d0f51d42b1afd", size = 125055, upload-time = "2026-06-27T10:22:21.351Z" },
]

[[package]]
name = "skyfield"
version = "1.54"
source = { registry = "https://mirrors.ustc.edu.cn/pypi/simple" }
dependencies = [
    { name = "certifi" },
    { name = "jplephem" },
    { name = "numpy" },
    { name = "sgp4" },
]
sdist = { url = "https://mirrors.ustc.edu.cn/pypi/packages/c9/8c/98bf5d9042218580fc10c4ba0c51b9af26bc73b614ce64341c0dfad39074/skyfield-1.54.tar.gz", hash = "sha256:bf8b79d6dbbe1add0327aca485d6388bb6a13cab70528d015913a9b07a1d6903", size = 346829, upload-time = "2026-01-18T19:16:15.114Z" }
wheels = [
    { url = "https://mirrors.ustc.edu.cn/pypi/packages/e7/8a/f196038b2bea40c372d900803dac0d5e4eab578cb05b92ff7172ced4c1cf/skyfield-1.54-py3-none-any.whl", hash = "sha256:c9b313185448963ea7fa4cf8e4298ba028b179b80ebd4c5675497519f21c04a2", size = 370380, upload-time = "2026-01-18T19:16:13.806Z" },
]

[[package]]
name = "solarpaper"
version = "0.1.0"
source = { virtual = "." }
dependencies = [
    { name = "pycairo" },
    { name = "skyfield" },
]

[package.metadata]
requires-dist = [
    { name = "pycairo", specifier = ">=1.29.0" },
    { name = "skyfield", specifier = ">=1.54" },
]
